// !$*UTF8*$!
{
	archiveVersion = 1;
	classes = {
	};
	objectVersion = 51;
	objects = {

/* Begin PBXBuildFile section */
		884712C7268438E9006C3872 /* PerformanceView.swift in Sources */ = {isa = PBXBuildFile; fileRef = 884712C6268438E9006C3872 /* PerformanceView.swift */; };
		8879A2D22683ED2100DF2702 /* HeaderView.swift in Sources */ = {isa = PBXBuildFile; fileRef = 8879A2D12683ED2100DF2702 /* HeaderView.swift */; };
		8879A2D42683FCFE00DF2702 /* IconModel.swift in Sources */ = {isa = PBXBuildFile; fileRef = 8879A2D32683FCFE00DF2702 /* IconModel.swift */; };
		88C5AD8E267E0A9800983911 /* PoemRepository.swift in Sources */ = {isa = PBXBuildFile; fileRef = 88C5AD8D267E0A9800983911 /* PoemRepository.swift */; };
		88C5AD91267E0B7E00983911 /* Poem.swift in Sources */ = {isa = PBXBuildFile; fileRef = 88C5AD90267E0B7E00983911 /* Poem.swift */; };
		88D18CAE267CE1670042A20A /* AppDelegate.swift in Sources */ = {isa = PBXBuildFile; fileRef = 88D18CAD267CE1670042A20A /* AppDelegate.swift */; };
		88D18CB0267CE1670042A20A /* SceneDelegate.swift in Sources */ = {isa = PBXBuildFile; fileRef = 88D18CAF267CE1670042A20A /* SceneDelegate.swift */; };
		88D18CB2267CE1670042A20A /* ViewController.swift in Sources */ = {isa = PBXBuildFile; fileRef = 88D18CB1267CE1670042A20A /* ViewController.swift */; };
		88D18CB5267CE1670042A20A /* Main.storyboard in Resources */ = {isa = PBXBuildFile; fileRef = 88D18CB3267CE1670042A20A /* Main.storyboard */; };
		88D18CB7267CE1680042A20A /* Assets.xcassets in Resources */ = {isa = PBXBuildFile; fileRef = 88D18CB6267CE1680042A20A /* Assets.xcassets */; };
		88D18CBA267CE1680042A20A /* LaunchScreen.storyboard in Resources */ = {isa = PBXBuildFile; fileRef = 88D18CB8267CE1680042A20A /* LaunchScreen.storyboard */; };
		88D18CC2267CE7B60042A20A /* PoemsViewController.swift in Sources */ = {isa = PBXBuildFile; fileRef = 88D18CC1267CE7B60042A20A /* PoemsViewController.swift */; };
		88D18CC4267CE7CD0042A20A /* StoriesViewController.swift in Sources */ = {isa = PBXBuildFile; fileRef = 88D18CC3267CE7CD0042A20A /* StoriesViewController.swift */; };
		88D18CC8267CE88A0042A20A /* PerformancesViewController.swift in Sources */ = {isa = PBXBuildFile; fileRef = 88D18CC7267CE88A0042A20A /* PerformancesViewController.swift */; };
		88D18CCF267CE93B0042A20A /* PoemView.swift in Sources */ = {isa = PBXBuildFile; fileRef = 88D18CCA267CE93B0042A20A /* PoemView.swift */; };
		88D18CD0267CE93B0042A20A /* StoriesView.swift in Sources */ = {isa = PBXBuildFile; fileRef = 88D18CCB267CE93B0042A20A /* StoriesView.swift */; };
		88D18CD1267CE93B0042A20A /* PoemsView.swift in Sources */ = {isa = PBXBuildFile; fileRef = 88D18CCC267CE93B0042A20A /* PoemsView.swift */; };
		88D18CD2267CE93B0042A20A /* StoryView.swift in Sources */ = {isa = PBXBuildFile; fileRef = 88D18CCD267CE93B0042A20A /* StoryView.swift */; };
		88D18CD3267CE93B0042A20A /* PerformancesView.swift in Sources */ = {isa = PBXBuildFile; fileRef = 88D18CCE267CE93B0042A20A /* PerformancesView.swift */; };
		88D18CD5267CE9530042A20A /* GoogleService-Info.plist in Resources */ = {isa = PBXBuildFile; fileRef = 88D18CD4267CE9520042A20A /* GoogleService-Info.plist */; };
		88EA0820267E113900AB0152 /* PoemListViewModel.swift in Sources */ = {isa = PBXBuildFile; fileRef = 88EA081F267E113900AB0152 /* PoemListViewModel.swift */; };
		88EA0822267E14A800AB0152 /* PoemViewModel.swift in Sources */ = {isa = PBXBuildFile; fileRef = 88EA0821267E14A800AB0152 /* PoemViewModel.swift */; };
		D1E9E672AA5DCAD3B24ED6AB /* Pods_SeshatOrchidProject.framework in Frameworks */ = {isa = PBXBuildFile; fileRef = 571D8634DA3B47D500580594 /* Pods_SeshatOrchidProject.framework */; };
/* End PBXBuildFile section */

/* Begin PBXFileReference section */
		1FA82E1B11B87406C8F98434 /* Pods-SeshatOrchidProject.debug.xcconfig */ = {isa = PBXFileReference; includeInIndex = 1; lastKnownFileType = text.xcconfig; name = "Pods-SeshatOrchidProject.debug.xcconfig"; path = "Target Support Files/Pods-SeshatOrchidProject/Pods-SeshatOrchidProject.debug.xcconfig"; sourceTree = "<group>"; };
		4AEB0DC17EA73718E0B44600 /* Pods-SeshatOrchidProject.release.xcconfig */ = {isa = PBXFileReference; includeInIndex = 1; lastKnownFileType = text.xcconfig; name = "Pods-SeshatOrchidProject.release.xcconfig"; path = "Target Support Files/Pods-SeshatOrchidProject/Pods-SeshatOrchidProject.release.xcconfig"; sourceTree = "<group>"; };
		571D8634DA3B47D500580594 /* Pods_SeshatOrchidProject.framework */ = {isa = PBXFileReference; explicitFileType = wrapper.framework; includeInIndex = 0; path = Pods_SeshatOrchidProject.framework; sourceTree = BUILT_PRODUCTS_DIR; };
		884712C6268438E9006C3872 /* PerformanceView.swift */ = {isa = PBXFileReference; lastKnownFileType = sourcecode.swift; path = PerformanceView.swift; sourceTree = "<group>"; };
		8879A2D12683ED2100DF2702 /* HeaderView.swift */ = {isa = PBXFileReference; lastKnownFileType = sourcecode.swift; path = HeaderView.swift; sourceTree = "<group>"; };
		8879A2D32683FCFE00DF2702 /* IconModel.swift */ = {isa = PBXFileReference; lastKnownFileType = sourcecode.swift; name = IconModel.swift; path = SeshatOrchidProject/IconModel.swift; sourceTree = SOURCE_ROOT; };
		88C5AD8D267E0A9800983911 /* PoemRepository.swift */ = {isa = PBXFileReference; lastKnownFileType = sourcecode.swift; path = PoemRepository.swift; sourceTree = "<group>"; };
		88C5AD90267E0B7E00983911 /* Poem.swift */ = {isa = PBXFileReference; lastKnownFileType = sourcecode.swift; path = Poem.swift; sourceTree = "<group>"; };
		88D18CAA267CE1670042A20A /* SeshatOrchidProject.app */ = {isa = PBXFileReference; explicitFileType = wrapper.application; includeInIndex = 0; path = SeshatOrchidProject.app; sourceTree = BUILT_PRODUCTS_DIR; };
		88D18CAD267CE1670042A20A /* AppDelegate.swift */ = {isa = PBXFileReference; lastKnownFileType = sourcecode.swift; path = AppDelegate.swift; sourceTree = "<group>"; };
		88D18CAF267CE1670042A20A /* SceneDelegate.swift */ = {isa = PBXFileReference; lastKnownFileType = sourcecode.swift; path = SceneDelegate.swift; sourceTree = "<group>"; };
		88D18CB1267CE1670042A20A /* ViewController.swift */ = {isa = PBXFileReference; lastKnownFileType = sourcecode.swift; path = ViewController.swift; sourceTree = "<group>"; };
		88D18CB4267CE1670042A20A /* Base */ = {isa = PBXFileReference; lastKnownFileType = file.storyboard; name = Base; path = Base.lproj/Main.storyboard; sourceTree = "<group>"; };
		88D18CB6267CE1680042A20A /* Assets.xcassets */ = {isa = PBXFileReference; lastKnownFileType = folder.assetcatalog; path = Assets.xcassets; sourceTree = "<group>"; };
		88D18CB9267CE1680042A20A /* Base */ = {isa = PBXFileReference; lastKnownFileType = file.storyboard; name = Base; path = Base.lproj/LaunchScreen.storyboard; sourceTree = "<group>"; };
		88D18CBB267CE1680042A20A /* Info.plist */ = {isa = PBXFileReference; lastKnownFileType = text.plist.xml; path = Info.plist; sourceTree = "<group>"; };
		88D18CC1267CE7B60042A20A /* PoemsViewController.swift */ = {isa = PBXFileReference; lastKnownFileType = sourcecode.swift; path = PoemsViewController.swift; sourceTree = "<group>"; };
		88D18CC3267CE7CD0042A20A /* StoriesViewController.swift */ = {isa = PBXFileReference; lastKnownFileType = sourcecode.swift; path = StoriesViewController.swift; sourceTree = "<group>"; };
		88D18CC7267CE88A0042A20A /* PerformancesViewController.swift */ = {isa = PBXFileReference; lastKnownFileType = sourcecode.swift; path = PerformancesViewController.swift; sourceTree = "<group>"; };
		88D18CCA267CE93B0042A20A /* PoemView.swift */ = {isa = PBXFileReference; fileEncoding = 4; lastKnownFileType = sourcecode.swift; path = PoemView.swift; sourceTree = "<group>"; };
		88D18CCB267CE93B0042A20A /* StoriesView.swift */ = {isa = PBXFileReference; fileEncoding = 4; lastKnownFileType = sourcecode.swift; path = StoriesView.swift; sourceTree = "<group>"; };
		88D18CCC267CE93B0042A20A /* PoemsView.swift */ = {isa = PBXFileReference; fileEncoding = 4; lastKnownFileType = sourcecode.swift; path = PoemsView.swift; sourceTree = "<group>"; };
		88D18CCD267CE93B0042A20A /* StoryView.swift */ = {isa = PBXFileReference; fileEncoding = 4; lastKnownFileType = sourcecode.swift; path = StoryView.swift; sourceTree = "<group>"; };
		88D18CCE267CE93B0042A20A /* PerformancesView.swift */ = {isa = PBXFileReference; fileEncoding = 4; lastKnownFileType = sourcecode.swift; path = PerformancesView.swift; sourceTree = "<group>"; };
		88D18CD4267CE9520042A20A /* GoogleService-Info.plist */ = {isa = PBXFileReference; fileEncoding = 4; lastKnownFileType = text.plist.xml; name = "GoogleService-Info.plist"; path = "../../../Downloads/GoogleService-Info.plist"; sourceTree = "<group>"; };
		88EA081F267E113900AB0152 /* PoemListViewModel.swift */ = {isa = PBXFileReference; lastKnownFileType = sourcecode.swift; path = PoemListViewModel.swift; sourceTree = "<group>"; };
		88EA0821267E14A800AB0152 /* PoemViewModel.swift */ = {isa = PBXFileReference; lastKnownFileType = sourcecode.swift; path = PoemViewModel.swift; sourceTree = "<group>"; };
/* End PBXFileReference section */

/* Begin PBXFrameworksBuildPhase section */
		88D18CA7267CE1670042A20A /* Frameworks */ = {
			isa = PBXFrameworksBuildPhase;
			buildActionMask = 2147483647;
			files = (
				D1E9E672AA5DCAD3B24ED6AB /* Pods_SeshatOrchidProject.framework in Frameworks */,
			);
			runOnlyForDeploymentPostprocessing = 0;
		};
/* End PBXFrameworksBuildPhase section */

/* Begin PBXGroup section */
		2C0865CA9A5DBD36592E02A5 /* Frameworks */ = {
			isa = PBXGroup;
			children = (
				571D8634DA3B47D500580594 /* Pods_SeshatOrchidProject.framework */,
			);
			name = Frameworks;
			sourceTree = "<group>";
		};
		88C5AD8F267E0A9C00983911 /* Repositories */ = {
			isa = PBXGroup;
			children = (
				88C5AD8D267E0A9800983911 /* PoemRepository.swift */,
			);
			path = Repositories;
			sourceTree = "<group>";
		};
		88D18CA1267CE1670042A20A = {
			isa = PBXGroup;
			children = (
				88D18CAC267CE1670042A20A /* SeshatOrchidProject */,
				88D18CAB267CE1670042A20A /* Products */,
				C156633212E6D46C5401FB35 /* Pods */,
				2C0865CA9A5DBD36592E02A5 /* Frameworks */,
			);
			sourceTree = "<group>";
		};
		88D18CAB267CE1670042A20A /* Products */ = {
			isa = PBXGroup;
			children = (
				88D18CAA267CE1670042A20A /* SeshatOrchidProject.app */,
			);
			name = Products;
			sourceTree = "<group>";
		};
		88D18CAC267CE1670042A20A /* SeshatOrchidProject */ = {
			isa = PBXGroup;
			children = (
				88D18CAD267CE1670042A20A /* AppDelegate.swift */,
				88D18CAF267CE1670042A20A /* SceneDelegate.swift */,
				88EA081E267E10F100AB0152 /* ViewModels */,
				88EA081D267E10DC00AB0152 /* Models */,
				88C5AD8F267E0A9C00983911 /* Repositories */,
				88D18CC9267CE93B0042A20A /* Views */,
				88D18CD6267CED640042A20A /* Controllers */,
				88D18CB3267CE1670042A20A /* Main.storyboard */,
				88D18CB6267CE1680042A20A /* Assets.xcassets */,
				88D18CB8267CE1680042A20A /* LaunchScreen.storyboard */,
				88D18CD4267CE9520042A20A /* GoogleService-Info.plist */,
				88D18CBB267CE1680042A20A /* Info.plist */,
			);
			path = SeshatOrchidProject;
			sourceTree = "<group>";
		};
		88D18CC9267CE93B0042A20A /* Views */ = {
			isa = PBXGroup;
			children = (
				88D18CCA267CE93B0042A20A /* PoemView.swift */,
				88D18CCB267CE93B0042A20A /* StoriesView.swift */,
				88D18CCC267CE93B0042A20A /* PoemsView.swift */,
				8879A2D12683ED2100DF2702 /* HeaderView.swift */,
				88D18CCD267CE93B0042A20A /* StoryView.swift */,
				88D18CCE267CE93B0042A20A /* PerformancesView.swift */,
				884712C6268438E9006C3872 /* PerformanceView.swift */,
			);
			name = Views;
			path = ../../SeshatOrchid/SeshatOrchid/Views;
			sourceTree = "<group>";
		};
		88D18CD6267CED640042A20A /* Controllers */ = {
			isa = PBXGroup;
			children = (
				88D18CB1267CE1670042A20A /* ViewController.swift */,
				88D18CC1267CE7B60042A20A /* PoemsViewController.swift */,
				88D18CC3267CE7CD0042A20A /* StoriesViewController.swift */,
				88D18CC7267CE88A0042A20A /* PerformancesViewController.swift */,
			);
			path = Controllers;
			sourceTree = "<group>";
		};
		88EA081D267E10DC00AB0152 /* Models */ = {
			isa = PBXGroup;
			children = (
				88C5AD90267E0B7E00983911 /* Poem.swift */,
				8879A2D32683FCFE00DF2702 /* IconModel.swift */,
			);
			path = Models;
			sourceTree = "<group>";
		};
		88EA081E267E10F100AB0152 /* ViewModels */ = {
			isa = PBXGroup;
			children = (
				88EA081F267E113900AB0152 /* PoemListViewModel.swift */,
				88EA0821267E14A800AB0152 /* PoemViewModel.swift */,
			);
			path = ViewModels;
			sourceTree = "<group>";
		};
		C156633212E6D46C5401FB35 /* Pods */ = {
			isa = PBXGroup;
			children = (
				1FA82E1B11B87406C8F98434 /* Pods-SeshatOrchidProject.debug.xcconfig */,
				4AEB0DC17EA73718E0B44600 /* Pods-SeshatOrchidProject.release.xcconfig */,
			);
			path = Pods;
			sourceTree = "<group>";
		};
/* End PBXGroup section */

/* Begin PBXNativeTarget section */
		88D18CA9267CE1670042A20A /* SeshatOrchidProject */ = {
			isa = PBXNativeTarget;
			buildConfigurationList = 88D18CBE267CE1680042A20A /* Build configuration list for PBXNativeTarget "SeshatOrchidProject" */;
			buildPhases = (
				E56F5AC968A74E0F155B6A2E /* [CP] Check Pods Manifest.lock */,
				88D18CA6267CE1670042A20A /* Sources */,
				88D18CA7267CE1670042A20A /* Frameworks */,
				88D18CA8267CE1670042A20A /* Resources */,
				3E53FCE206E4F878738910FF /* [CP] Embed Pods Frameworks */,
			);
			buildRules = (
			);
			dependencies = (
			);
			name = SeshatOrchidProject;
			productName = SeshatOrchidProject;
			productReference = 88D18CAA267CE1670042A20A /* SeshatOrchidProject.app */;
			productType = "com.apple.product-type.application";
		};
/* End PBXNativeTarget section */

/* Begin PBXProject section */
		88D18CA2267CE1670042A20A /* Project object */ = {
			isa = PBXProject;
			attributes = {
				LastSwiftUpdateCheck = 1250;
				LastUpgradeCheck = 1250;
				TargetAttributes = {
					88D18CA9267CE1670042A20A = {
						CreatedOnToolsVersion = 12.5;
					};
				};
			};
			buildConfigurationList = 88D18CA5267CE1670042A20A /* Build configuration list for PBXProject "SeshatOrchidProject" */;
			compatibilityVersion = "Xcode 9.3";
			developmentRegion = en;
			hasScannedForEncodings = 0;
			knownRegions = (
				en,
				Base,
			);
			mainGroup = 88D18CA1267CE1670042A20A;
			productRefGroup = 88D18CAB267CE1670042A20A /* Products */;
			projectDirPath = "";
			projectRoot = "";
			targets = (
				88D18CA9267CE1670042A20A /* SeshatOrchidProject */,
			);
		};
/* End PBXProject section */

/* Begin PBXResourcesBuildPhase section */
		88D18CA8267CE1670042A20A /* Resources */ = {
			isa = PBXResourcesBuildPhase;
			buildActionMask = 2147483647;
			files = (
				88D18CBA267CE1680042A20A /* LaunchScreen.storyboard in Resources */,
				88D18CD5267CE9530042A20A /* GoogleService-Info.plist in Resources */,
				88D18CB7267CE1680042A20A /* Assets.xcassets in Resources */,
				88D18CB5267CE1670042A20A /* Main.storyboard in Resources */,
			);
			runOnlyForDeploymentPostprocessing = 0;
		};
/* End PBXResourcesBuildPhase section */

/* Begin PBXShellScriptBuildPhase section */
		3E53FCE206E4F878738910FF /* [CP] Embed Pods Frameworks */ = {
			isa = PBXShellScriptBuildPhase;
			buildActionMask = 2147483647;
			files = (
			);
			inputFileListPaths = (
				"${PODS_ROOT}/Target Support Files/Pods-SeshatOrchidProject/Pods-SeshatOrchidProject-frameworks-${CONFIGURATION}-input-files.xcfilelist",
			);
			name = "[CP] Embed Pods Frameworks";
			outputFileListPaths = (
				"${PODS_ROOT}/Target Support Files/Pods-SeshatOrchidProject/Pods-SeshatOrchidProject-frameworks-${CONFIGURATION}-output-files.xcfilelist",
			);
			runOnlyForDeploymentPostprocessing = 0;
			shellPath = /bin/sh;
			shellScript = "\"${PODS_ROOT}/Target Support Files/Pods-SeshatOrchidProject/Pods-SeshatOrchidProject-frameworks.sh\"\n";
			showEnvVarsInLog = 0;
		};
		E56F5AC968A74E0F155B6A2E /* [CP] Check Pods Manifest.lock */ = {
			isa = PBXShellScriptBuildPhase;
			buildActionMask = 2147483647;
			files = (
			);
			inputFileListPaths = (
			);
			inputPaths = (
				"${PODS_PODFILE_DIR_PATH}/Podfile.lock",
				"${PODS_ROOT}/Manifest.lock",
			);
			name = "[CP] Check Pods Manifest.lock";
			outputFileListPaths = (
			);
			outputPaths = (
				"$(DERIVED_FILE_DIR)/Pods-SeshatOrchidProject-checkManifestLockResult.txt",
			);
			runOnlyForDeploymentPostprocessing = 0;
			shellPath = /bin/sh;
			shellScript = "diff \"${PODS_PODFILE_DIR_PATH}/Podfile.lock\" \"${PODS_ROOT}/Manifest.lock\" > /dev/null\nif [ $? != 0 ] ; then\n    # print error to STDERR\n    echo \"error: The sandbox is not in sync with the Podfile.lock. Run 'pod install' or update your CocoaPods installation.\" >&2\n    exit 1\nfi\n# This output is used by Xcode 'outputs' to avoid re-running this script phase.\necho \"SUCCESS\" > \"${SCRIPT_OUTPUT_FILE_0}\"\n";
			showEnvVarsInLog = 0;
		};
/* End PBXShellScriptBuildPhase section */

/* Begin PBXSourcesBuildPhase section */
		88D18CA6267CE1670042A20A /* Sources */ = {
			isa = PBXSourcesBuildPhase;
			buildActionMask = 2147483647;
			files = (
				88D18CD2267CE93B0042A20A /* StoryView.swift in Sources */,
				88D18CD1267CE93B0042A20A /* PoemsView.swift in Sources */,
				88D18CD3267CE93B0042A20A /* PerformancesView.swift in Sources */,
				884712C7268438E9006C3872 /* PerformanceView.swift in Sources */,
				88D18CD0267CE93B0042A20A /* StoriesView.swift in Sources */,
				88C5AD91267E0B7E00983911 /* Poem.swift in Sources */,
				8879A2D42683FCFE00DF2702 /* IconModel.swift in Sources */,
				88EA0820267E113900AB0152 /* PoemListViewModel.swift in Sources */,
				88C5AD8E267E0A9800983911 /* PoemRepository.swift in Sources */,
				88D18CB2267CE1670042A20A /* ViewController.swift in Sources */,
				88D18CCF267CE93B0042A20A /* PoemView.swift in Sources */,
				88D18CAE267CE1670042A20A /* AppDelegate.swift in Sources */,
				88D18CB0267CE1670042A20A /* SceneDelegate.swift in Sources */,
				88D18CC2267CE7B60042A20A /* PoemsViewController.swift in Sources */,
				88D18CC8267CE88A0042A20A /* PerformancesViewController.swift in Sources */,
				88EA0822267E14A800AB0152 /* PoemViewModel.swift in Sources */,
				88D18CC4267CE7CD0042A20A /* StoriesViewController.swift in Sources */,
				8879A2D22683ED2100DF2702 /* HeaderView.swift in Sources */,
			);
			runOnlyForDeploymentPostprocessing = 0;
		};
/* End PBXSourcesBuildPhase section */

/* Begin PBXVariantGroup section */
		88D18CB3267CE1670042A20A /* Main.storyboard */ = {
			isa = PBXVariantGroup;
			children = (
				88D18CB4267CE1670042A20A /* Base */,
			);
			name = Main.storyboard;
			sourceTree = "<group>";
		};
		88D18CB8267CE1680042A20A /* LaunchScreen.storyboard */ = {
			isa = PBXVariantGroup;
			children = (
				88D18CB9267CE1680042A20A /* Base */,
			);
			name = LaunchScreen.storyboard;
			sourceTree = "<group>";
		};
/* End PBXVariantGroup section */

/* Begin XCBuildConfiguration section */
		88D18CBC267CE1680042A20A /* Debug */ = {
			isa = XCBuildConfiguration;
			buildSettings = {
				ALWAYS_SEARCH_USER_PATHS = NO;
				CLANG_ANALYZER_NONNULL = YES;
				CLANG_ANALYZER_NUMBER_OBJECT_CONVERSION = YES_AGGRESSIVE;
				CLANG_CXX_LANGUAGE_STANDARD = "gnu++14";
				CLANG_CXX_LIBRARY = "libc++";
				CLANG_ENABLE_MODULES = YES;
				CLANG_ENABLE_OBJC_ARC = YES;
				CLANG_ENABLE_OBJC_WEAK = YES;
				CLANG_WARN_BLOCK_CAPTURE_AUTORELEASING = YES;
				CLANG_WARN_BOOL_CONVERSION = YES;
				CLANG_WARN_COMMA = YES;
				CLANG_WARN_CONSTANT_CONVERSION = YES;
				CLANG_WARN_DEPRECATED_OBJC_IMPLEMENTATIONS = YES;
				CLANG_WARN_DIRECT_OBJC_ISA_USAGE = YES_ERROR;
				CLANG_WARN_DOCUMENTATION_COMMENTS = YES;
				CLANG_WARN_EMPTY_BODY = YES;
				CLANG_WARN_ENUM_CONVERSION = YES;
				CLANG_WARN_INFINITE_RECURSION = YES;
				CLANG_WARN_INT_CONVERSION = YES;
				CLANG_WARN_NON_LITERAL_NULL_CONVERSION = YES;
				CLANG_WARN_OBJC_IMPLICIT_RETAIN_SELF = YES;
				CLANG_WARN_OBJC_LITERAL_CONVERSION = YES;
				CLANG_WARN_OBJC_ROOT_CLASS = YES_ERROR;
				CLANG_WARN_QUOTED_INCLUDE_IN_FRAMEWORK_HEADER = YES;
				CLANG_WARN_RANGE_LOOP_ANALYSIS = YES;
				CLANG_WARN_STRICT_PROTOTYPES = YES;
				CLANG_WARN_SUSPICIOUS_MOVE = YES;
				CLANG_WARN_UNGUARDED_AVAILABILITY = YES_AGGRESSIVE;
				CLANG_WARN_UNREACHABLE_CODE = YES;
				CLANG_WARN__DUPLICATE_METHOD_MATCH = YES;
				COPY_PHASE_STRIP = NO;
				DEBUG_INFORMATION_FORMAT = dwarf;
				ENABLE_STRICT_OBJC_MSGSEND = YES;
				ENABLE_TESTABILITY = YES;
				GCC_C_LANGUAGE_STANDARD = gnu11;
				GCC_DYNAMIC_NO_PIC = NO;
				GCC_NO_COMMON_BLOCKS = YES;
				GCC_OPTIMIZATION_LEVEL = 0;
				GCC_PREPROCESSOR_DEFINITIONS = (
					"DEBUG=1",
					"$(inherited)",
				);
				GCC_WARN_64_TO_32_BIT_CONVERSION = YES;
				GCC_WARN_ABOUT_RETURN_TYPE = YES_ERROR;
				GCC_WARN_UNDECLARED_SELECTOR = YES;
				GCC_WARN_UNINITIALIZED_AUTOS = YES_AGGRESSIVE;
				GCC_WARN_UNUSED_FUNCTION = YES;
				GCC_WARN_UNUSED_VARIABLE = YES;
				IPHONEOS_DEPLOYMENT_TARGET = 14.5;
				MTL_ENABLE_DEBUG_INFO = INCLUDE_SOURCE;
				MTL_FAST_MATH = YES;
				ONLY_ACTIVE_ARCH = YES;
				SDKROOT = iphoneos;
				SWIFT_ACTIVE_COMPILATION_CONDITIONS = DEBUG;
				SWIFT_OPTIMIZATION_LEVEL = "-Onone";
			};
			name = Debug;
		};
		88D18CBD267CE1680042A20A /* Release */ = {
			isa = XCBuildConfiguration;
			buildSettings = {
				ALWAYS_SEARCH_USER_PATHS = NO;
				CLANG_ANALYZER_NONNULL = YES;
				CLANG_ANALYZER_NUMBER_OBJECT_CONVERSION = YES_AGGRESSIVE;
				CLANG_CXX_LANGUAGE_STANDARD = "gnu++14";
				CLANG_CXX_LIBRARY = "libc++";
				CLANG_ENABLE_MODULES = YES;
				CLANG_ENABLE_OBJC_ARC = YES;
				CLANG_ENABLE_OBJC_WEAK = YES;
				CLANG_WARN_BLOCK_CAPTURE_AUTORELEASING = YES;
				CLANG_WARN_BOOL_CONVERSION = YES;
				CLANG_WARN_COMMA = YES;
				CLANG_WARN_CONSTANT_CONVERSION = YES;
				CLANG_WARN_DEPRECATED_OBJC_IMPLEMENTATIONS = YES;
				CLANG_WARN_DIRECT_OBJC_ISA_USAGE = YES_ERROR;
				CLANG_WARN_DOCUMENTATION_COMMENTS = YES;
				CLANG_WARN_EMPTY_BODY = YES;
				CLANG_WARN_ENUM_CONVERSION = YES;
				CLANG_WARN_INFINITE_RECURSION = YES;
				CLANG_WARN_INT_CONVERSION = YES;
				CLANG_WARN_NON_LITERAL_NULL_CONVERSION = YES;
				CLANG_WARN_OBJC_IMPLICIT_RETAIN_SELF = YES;
				CLANG_WARN_OBJC_LITERAL_CONVERSION = YES;
				CLANG_WARN_OBJC_ROOT_CLASS = YES_ERROR;
				CLANG_WARN_QUOTED_INCLUDE_IN_FRAMEWORK_HEADER = YES;
				CLANG_WARN_RANGE_LOOP_ANALYSIS = YES;
				CLANG_WARN_STRICT_PROTOTYPES = YES;
				CLANG_WARN_SUSPICIOUS_MOVE = YES;
				CLANG_WARN_UNGUARDED_AVAILABILITY = YES_AGGRESSIVE;
				CLANG_WARN_UNREACHABLE_CODE = YES;
				CLANG_WARN__DUPLICATE_METHOD_MATCH = YES;
				COPY_PHASE_STRIP = NO;
				DEBUG_INFORMATION_FORMAT = "dwarf-with-dsym";
				ENABLE_NS_ASSERTIONS = NO;
				ENABLE_STRICT_OBJC_MSGSEND = YES;
				GCC_C_LANGUAGE_STANDARD = gnu11;
				GCC_NO_COMMON_BLOCKS = YES;
				GCC_WARN_64_TO_32_BIT_CONVERSION = YES;
				GCC_WARN_ABOUT_RETURN_TYPE = YES_ERROR;
				GCC_WARN_UNDECLARED_SELECTOR = YES;
				GCC_WARN_UNINITIALIZED_AUTOS = YES_AGGRESSIVE;
				GCC_WARN_UNUSED_FUNCTION = YES;
				GCC_WARN_UNUSED_VARIABLE = YES;
				IPHONEOS_DEPLOYMENT_TARGET = 14.5;
				MTL_ENABLE_DEBUG_INFO = NO;
				MTL_FAST_MATH = YES;
				SDKROOT = iphoneos;
				SWIFT_COMPILATION_MODE = wholemodule;
				SWIFT_OPTIMIZATION_LEVEL = "-O";
				VALIDATE_PRODUCT = YES;
			};
			name = Release;
		};
		88D18CBF267CE1680042A20A /* Debug */ = {
			isa = XCBuildConfiguration;
			baseConfigurationReference = 1FA82E1B11B87406C8F98434 /* Pods-SeshatOrchidProject.debug.xcconfig */;
			buildSettings = {
				ASSETCATALOG_COMPILER_APPICON_NAME = AppIcon;
				ASSETCATALOG_COMPILER_GLOBAL_ACCENT_COLOR_NAME = AccentColor;
				CODE_SIGN_STYLE = Automatic;
				INFOPLIST_FILE = SeshatOrchidProject/Info.plist;
				LD_RUNPATH_SEARCH_PATHS = (
					"$(inherited)",
					"@executable_path/Frameworks",
				);
				PRODUCT_BUNDLE_IDENTIFIER = com.quinise.SeshatOrchidProject;
				PRODUCT_NAME = "$(TARGET_NAME)";
				SWIFT_VERSION = 5.0;
				TARGETED_DEVICE_FAMILY = "1,2";
			};
			name = Debug;
		};
		88D18CC0267CE1680042A20A /* Release */ = {
			isa = XCBuildConfiguration;
			baseConfigurationReference = 4AEB0DC17EA73718E0B44600 /* Pods-SeshatOrchidProject.release.xcconfig */;
			buildSettings = {
				ASSETCATALOG_COMPILER_APPICON_NAME = AppIcon;
				ASSETCATALOG_COMPILER_GLOBAL_ACCENT_COLOR_NAME = AccentColor;
				CODE_SIGN_STYLE = Automatic;
				INFOPLIST_FILE = SeshatOrchidProject/Info.plist;
				LD_RUNPATH_SEARCH_PATHS = (
					"$(inherited)",
					"@executable_path/Frameworks",
				);
				PRODUCT_BUNDLE_IDENTIFIER = com.quinise.SeshatOrchidProject;
				PRODUCT_NAME = "$(TARGET_NAME)";
				SWIFT_VERSION = 5.0;
				TARGETED_DEVICE_FAMILY = "1,2";
			};
			name = Release;
		};
/* End XCBuildConfiguration section */

/* Begin XCConfigurationList section */
		88D18CA5267CE1670042A20A /* Build configuration list for PBXProject "SeshatOrchidProject" */ = {
			isa = XCConfigurationList;
			buildConfigurations = (
				88D18CBC267CE1680042A20A /* Debug */,
				88D18CBD267CE1680042A20A /* Release */,
			);
			defaultConfigurationIsVisible = 0;
			defaultConfigurationName = Release;
		};
		88D18CBE267CE1680042A20A /* Build configuration list for PBXNativeTarget "SeshatOrchidProject" */ = {
			isa = XCConfigurationList;
			buildConfigurations = (
				88D18CBF267CE1680042A20A /* Debug */,
				88D18CC0267CE1680042A20A /* Release */,
			);
			defaultConfigurationIsVisible = 0;
			defaultConfigurationName = Release;
		};
/* End XCConfigurationList section */
	};
	rootObject = 88D18CA2267CE1670042A20A /* Project object */;
}
